
Microsoft Visual Studio Solution File, Format Version 12.00
# Visual Studio Version 17
VisualStudioVersion = 17.6.33723.286
MinimumVisualStudioVersion = 10.0.40219.1
Project("{FAE04EC0-301F-11D3-BF4B-00C04F79EFBC}") = "Persona", "Persona\Persona.csproj", "{93B56A1B-68A4-459D-B2E4-E058F9F3674F}"
EndProject
Global
	GlobalSection(SolutionConfigurationPlatforms) = preSolution
		Debug|Any CPU = Debug|Any CPU
		Release|Any CPU = Release|Any CPU
	EndGlobalSection
	GlobalSection(ProjectConfigurationPlatforms) = postSolution
		{93B56A1B-68A4-459D-B2E4-E058F9F3674F}.Debug|Any CPU.ActiveCfg = Debug|Any CPU
		{93B56A1B-68A4-459D-B2E4-E058F9F3674F}.Debug|Any CPU.Build.0 = Debug|Any CPU
		{93B56A1B-68A4-459D-B2E4-E058F9F3674F}.Release|Any CPU.ActiveCfg = Release|Any CPU
		{93B56A1B-68A4-459D-B2E4-E058F9F3674F}.Release|Any CPU.Build.0 = Release|Any CPU
	EndGlobalSection
	GlobalSection(SolutionProperties) = preSolution
		HideSolutionNode = FALSE
	EndGlobalSection
	GlobalSection(ExtensibilityGlobals) = postSolution
		SolutionGuid = {B9A7BCF9-4453-4EAE-9236-07D5C9E8C5C9}
	EndGlobalSection
EndGlobal
